
Microsoft Visual Studio Solution File, Format Version 12.00
# Visual Studio 2012
Project("{FAE04EC0-301F-11D3-BF4B-00C04F79EFBC}") = "Credentialing.Web", "Credentialing.Web\Credentialing.Web.csproj", "{DD878869-0D28-4B20-BC84-EB78F1C8F504}"
EndProject
Project("{FAE04EC0-301F-11D3-BF4B-00C04F79EFBC}") = "Credentialing.Entities", "Credentialing.Entities\Credentialing.Entities.csproj", "{31F20F86-E662-4A6C-8023-46AADB38AD10}"
EndProject
Project("{FAE04EC0-301F-11D3-BF4B-00C04F79EFBC}") = "Credentialing.Business", "Credentialing.Business\Credentialing.Business.csproj", "{727DA186-BFF4-42C4-B99D-FC15BB2D6A2B}"
EndProject
Global
	GlobalSection(SolutionConfigurationPlatforms) = preSolution
		Debug|Any CPU = Debug|Any CPU
		Release|Any CPU = Release|Any CPU
	EndGlobalSection
	GlobalSection(ProjectConfigurationPlatforms) = postSolution
		{DD878869-0D28-4B20-BC84-EB78F1C8F504}.Debug|Any CPU.ActiveCfg = Debug|Any CPU
		{DD878869-0D28-4B20-BC84-EB78F1C8F504}.Debug|Any CPU.Build.0 = Debug|Any CPU
		{DD878869-0D28-4B20-BC84-EB78F1C8F504}.Release|Any CPU.ActiveCfg = Release|Any CPU
		{DD878869-0D28-4B20-BC84-EB78F1C8F504}.Release|Any CPU.Build.0 = Release|Any CPU
		{31F20F86-E662-4A6C-8023-46AADB38AD10}.Debug|Any CPU.ActiveCfg = Debug|Any CPU
		{31F20F86-E662-4A6C-8023-46AADB38AD10}.Debug|Any CPU.Build.0 = Debug|Any CPU
		{31F20F86-E662-4A6C-8023-46AADB38AD10}.Release|Any CPU.ActiveCfg = Release|Any CPU
		{31F20F86-E662-4A6C-8023-46AADB38AD10}.Release|Any CPU.Build.0 = Release|Any CPU
		{727DA186-BFF4-42C4-B99D-FC15BB2D6A2B}.Debug|Any CPU.ActiveCfg = Debug|Any CPU
		{727DA186-BFF4-42C4-B99D-FC15BB2D6A2B}.Debug|Any CPU.Build.0 = Debug|Any CPU
		{727DA186-BFF4-42C4-B99D-FC15BB2D6A2B}.Release|Any CPU.ActiveCfg = Release|Any CPU
		{727DA186-BFF4-42C4-B99D-FC15BB2D6A2B}.Release|Any CPU.Build.0 = Release|Any CPU
	EndGlobalSection
	GlobalSection(SolutionProperties) = preSolution
		HideSolutionNode = FALSE
	EndGlobalSection
EndGlobal
